
Microsoft Visual Studio Solution File, Format Version 12.00
# Visual Studio Version 17
VisualStudioVersion = 17.2.32616.157
MinimumVisualStudioVersion = 10.0.40219.1
Project("{9A19103F-16F7-4668-BE54-9A1E7A4F7556}") = "Manage", "AcademyApp\Manage.csproj", "{67F1BB60-7026-4D64-9F15-A7714599428F}"
EndProject
Project("{9A19103F-16F7-4668-BE54-9A1E7A4F7556}") = "Core", "Core\Core.csproj", "{8772195B-ECFF-4856-9A54-C6EA226BFCF3}"
EndProject
Project("{9A19103F-16F7-4668-BE54-9A1E7A4F7556}") = "DataAccess", "DataAccess\DataAccess.csproj", "{8DA6A00A-47BE-4CC3-AB88-0A5B7AEEC5EE}"
EndProject
Global
	GlobalSection(SolutionConfigurationPlatforms) = preSolution
		Debug|Any CPU = Debug|Any CPU
		Release|Any CPU = Release|Any CPU
	EndGlobalSection
	GlobalSection(ProjectConfigurationPlatforms) = postSolution
		{67F1BB60-7026-4D64-9F15-A7714599428F}.Debug|Any CPU.ActiveCfg = Debug|Any CPU
		{67F1BB60-7026-4D64-9F15-A7714599428F}.Debug|Any CPU.Build.0 = Debug|Any CPU
		{67F1BB60-7026-4D64-9F15-A7714599428F}.Release|Any CPU.ActiveCfg = Release|Any CPU
		{67F1BB60-7026-4D64-9F15-A7714599428F}.Release|Any CPU.Build.0 = Release|Any CPU
		{8772195B-ECFF-4856-9A54-C6EA226BFCF3}.Debug|Any CPU.ActiveCfg = Debug|Any CPU
		{8772195B-ECFF-4856-9A54-C6EA226BFCF3}.Debug|Any CPU.Build.0 = Debug|Any CPU
		{8772195B-ECFF-4856-9A54-C6EA226BFCF3}.Release|Any CPU.ActiveCfg = Release|Any CPU
		{8772195B-ECFF-4856-9A54-C6EA226BFCF3}.Release|Any CPU.Build.0 = Release|Any CPU
		{8DA6A00A-47BE-4CC3-AB88-0A5B7AEEC5EE}.Debug|Any CPU.ActiveCfg = Debug|Any CPU
		{8DA6A00A-47BE-4CC3-AB88-0A5B7AEEC5EE}.Debug|Any CPU.Build.0 = Debug|Any CPU
		{8DA6A00A-47BE-4CC3-AB88-0A5B7AEEC5EE}.Release|Any CPU.ActiveCfg = Release|Any CPU
		{8DA6A00A-47BE-4CC3-AB88-0A5B7AEEC5EE}.Release|Any CPU.Build.0 = Release|Any CPU
	EndGlobalSection
	GlobalSection(SolutionProperties) = preSolution
		HideSolutionNode = FALSE
	EndGlobalSection
	GlobalSection(ExtensibilityGlobals) = postSolution
		SolutionGuid = {8410485E-E98E-4E39-A4DF-B728CC402A53}
	EndGlobalSection
EndGlobal
